{
  "name": "wya",
  "version": "1.0.0",
  "lockfileVersion": 2,
  "requires": true,
  "packages": {
    "": {
      "name": "wya",
      "version": "1.0.0",
      "license": "ISC",
      "workspaces": [
        "apps/*",
        "packages/*"
      ],
      "devDependencies": {
        "turbo": "^1.0.20"
      }
    },
    "node_modules/turbo": {
      "version": "1.0.20",
      "resolved": "https://registry.npmjs.org/turbo/-/turbo-1.0.20.tgz",
      "integrity": "sha512-oSH/herQbXYjJVxGo8q4tulTtC6SB2HWFe9ANzBHJF1nlBCn4OsKyqI/FOSJgSaqyUYhNI6ydwi8DgjJZEY4CA==",
      "dev": true,
      "hasInstallScript": true,
      "bin": {
        "turbo": "bin/turbo"
      },
      "optionalDependencies": {
        "turbo-darwin-64": "1.0.20",
        "turbo-darwin-arm64": "1.0.20",
        "turbo-freebsd-64": "1.0.20",
        "turbo-freebsd-arm64": "1.0.20",
        "turbo-linux-32": "1.0.20",
        "turbo-linux-64": "1.0.20",
        "turbo-linux-arm": "1.0.20",
        "turbo-linux-arm64": "1.0.20",
        "turbo-linux-mips64le": "1.0.20",
        "turbo-linux-ppc64le": "1.0.20",
        "turbo-windows-32": "1.0.20",
        "turbo-windows-64": "1.0.20"
      }
    },
    "node_modules/turbo-darwin-64": {
      "version": "1.0.20",
      "resolved": "https://registry.npmjs.org/turbo-darwin-64/-/turbo-darwin-64-1.0.20.tgz",
      "integrity": "sha512-XhqO7ymo44u8ZgFZ+IvsUv3WfwThF6szLL8Yz0SuASvxsmG1cRazKOnEmg6riE1hI8iAfwGaeoQbYWCUZgXCAA==",
      "cpu": [
        "x64"
      ],
      "dev": true,
      "optional": true,
      "os": [
        "darwin"
      ],
      "bin": {
        "turbo": "bin/turbo"
      }
    },
    "node_modules/turbo-darwin-arm64": {
      "version": "1.0.20",
      "resolved": "https://registry.npmjs.org/turbo-darwin-arm64/-/turbo-darwin-arm64-1.0.20.tgz",
      "integrity": "sha512-Hk3ECM3IkBXg53L6EQ3ENJiQcAEOIxAx1VB9qjc6jQP34Fz+Q+WQHTUW4oJ37knfenYPd6sYjHRk/RF4Bfmrcg==",
      "cpu": [
        "arm64"
      ],
      "dev": true,
      "optional": true,
      "os": [
        "darwin"
      ],
      "bin": {
        "turbo": "bin/turbo"
      }
    },
    "node_modules/turbo-freebsd-64": {
      "version": "1.0.20",
      "resolved": "https://registry.npmjs.org/turbo-freebsd-64/-/turbo-freebsd-64-1.0.20.tgz",
      "integrity": "sha512-3vfDvMA8Uv0lQgij+cel9+NFVdhgi2lNQskbj2/FCqEfowEanUabGaPMiq1BaZvVp7NsOp9GHGxQmjBpLnTSpA==",
      "cpu": [
        "x64"
      ],
      "dev": true,
      "optional": true,
      "os": [
        "freebsd"
      ],
      "bin": {
        "turbo": "bin/turbo"
      }
    },
    "node_modules/turbo-freebsd-arm64": {
      "version": "1.0.20",
      "resolved": "https://registry.npmjs.org/turbo-freebsd-arm64/-/turbo-freebsd-arm64-1.0.20.tgz",
      "integrity": "sha512-gXfHyE9At0cECsOQCdfERPPTWz7Afvf47bHREOMljHaDUcokgx7bONinXkCPZE53NVZb6RURKnjjmVaUPnC/eA==",
      "cpu": [
        "arm64"
      ],
      "dev": true,
      "optional": true,
      "os": [
        "freebsd"
      ],
      "bin": {
        "turbo": "bin/turbo"
      }
    },
    "node_modules/turbo-linux-32": {
      "version": "1.0.20",
      "resolved": "https://registry.npmjs.org/turbo-linux-32/-/turbo-linux-32-1.0.20.tgz",
      "integrity": "sha512-kitrmg/gOpOfh4jMcBNvMuwU6THAHEA07/s/KzFwUADMxZCu6+DugwfJHmesWqLIvkCWjCHfmVl5zuPsuBz85g==",
      "cpu": [
        "ia32"
      ],
      "dev": true,
      "optional": true,
      "os": [
        "linux"
      ],
      "bin": {
        "turbo": "bin/turbo"
      }
    },
    "node_modules/turbo-linux-64": {
      "version": "1.0.20",
      "resolved": "https://registry.npmjs.org/turbo-linux-64/-/turbo-linux-64-1.0.20.tgz",
      "integrity": "sha512-3BS5f4RFCTBh+e2HlGnC10KRTX4g8PbKNdecwSy86feamjE1jxxzqAin1o7KxAXI1EoEj628r6y+K/2OQ0g/Xg==",
      "cpu": [
        "x64"
      ],
      "dev": true,
      "optional": true,
      "os": [
        "linux"
      ],
      "bin": {
        "turbo": "bin/turbo"
      }
    },
    "node_modules/turbo-linux-arm": {
      "version": "1.0.20",
      "resolved": "https://registry.npmjs.org/turbo-linux-arm/-/turbo-linux-arm-1.0.20.tgz",
      "integrity": "sha512-Nf4c4sEFodDBqir3P5FjE0vnQUr9u8RpBS5X2l/rifbGDU42GLbiIIjEojhBNnozVuAQASdApYr+N+DcLwfCwQ==",
      "cpu": [
        "arm"
      ],
      "dev": true,
      "optional": true,
      "os": [
        "linux"
      ],
      "bin": {
        "turbo": "bin/turbo"
      }
    },
    "node_modules/turbo-linux-arm64": {
      "version": "1.0.20",
      "resolved": "https://registry.npmjs.org/turbo-linux-arm64/-/turbo-linux-arm64-1.0.20.tgz",
      "integrity": "sha512-qT5FmfWsmDZGsPOjDegS0ra+7zPbuDxSHwb/O4fVA7AV1Ta7wzSU4kI1ayrYZOGDDrC1ce2z1G5NAx/DlWnE+g==",
      "cpu": [
        "arm64"
      ],
      "dev": true,
      "optional": true,
      "os": [
        "linux"
      ],
      "bin": {
        "turbo": "bin/turbo"
      }
    },
    "node_modules/turbo-linux-mips64le": {
      "version": "1.0.20",
      "resolved": "https://registry.npmjs.org/turbo-linux-mips64le/-/turbo-linux-mips64le-1.0.20.tgz",
      "integrity": "sha512-k7/SVAGnEHdFd2q+ugo1B82LT+wCsansGcTh8kvYZui0zgYxA3xt6OjxzYPRMPSLsMpDJSpNKJIxY8IxjpLojw==",
      "cpu": [
        "mips64el"
      ],
      "dev": true,
      "optional": true,
      "os": [
        "linux"
      ],
      "bin": {
        "turbo": "bin/turbo"
      }
    },
    "node_modules/turbo-linux-ppc64le": {
      "version": "1.0.20",
      "resolved": "https://registry.npmjs.org/turbo-linux-ppc64le/-/turbo-linux-ppc64le-1.0.20.tgz",
      "integrity": "sha512-+mjMXBCKwqJmcjHkgoElXPbsJT8Bik+bf6pvsT+eWTUDEYcQTV2zcxPlwXq1qJzB+EWvEGDqJ8cT+pZb8s8duQ==",
      "cpu": [
        "ppc64"
      ],
      "dev": true,
      "optional": true,
      "os": [
        "linux"
      ],
      "bin": {
        "turbo": "bin/turbo"
      }
    },
    "node_modules/turbo-windows-32": {
      "version": "1.0.20",
      "resolved": "https://registry.npmjs.org/turbo-windows-32/-/turbo-windows-32-1.0.20.tgz",
      "integrity": "sha512-QifqYv9FqV8f13SpvUPbj+e4uZ1Ul+VN7QEBHKypCANz+Q8ZNSVyANFsVRkH9qGHkZPDY+mzSWHHZuwBdcsp8g==",
      "cpu": [
        "ia32"
      ],
      "dev": true,
      "optional": true,
      "os": [
        "win32"
      ],
      "bin": {
        "turbo": "bin/turbo"
      }
    },
    "node_modules/turbo-windows-64": {
      "version": "1.0.20",
      "resolved": "https://registry.npmjs.org/turbo-windows-64/-/turbo-windows-64-1.0.20.tgz",
      "integrity": "sha512-g9X+azabK1gUZcXHXH9zJqm9gYbmQAiPSzVJHFgHK8p1K9aUNDWbgNsAjBlRH0+jyU5ASYq3AaFIf5Usd6iRhA==",
      "cpu": [
        "x64"
      ],
      "dev": true,
      "optional": true,
      "os": [
        "win32"
      ],
      "bin": {
        "turbo": "bin/turbo"
      }
    }
  },
  "dependencies": {
    "turbo": {
      "version": "1.0.20",
      "resolved": "https://registry.npmjs.org/turbo/-/turbo-1.0.20.tgz",
      "integrity": "sha512-oSH/herQbXYjJVxGo8q4tulTtC6SB2HWFe9ANzBHJF1nlBCn4OsKyqI/FOSJgSaqyUYhNI6ydwi8DgjJZEY4CA==",
      "dev": true,
      "requires": {
        "turbo-darwin-64": "1.0.20",
        "turbo-darwin-arm64": "1.0.20",
        "turbo-freebsd-64": "1.0.20",
        "turbo-freebsd-arm64": "1.0.20",
        "turbo-linux-32": "1.0.20",
        "turbo-linux-64": "1.0.20",
        "turbo-linux-arm": "1.0.20",
        "turbo-linux-arm64": "1.0.20",
        "turbo-linux-mips64le": "1.0.20",
        "turbo-linux-ppc64le": "1.0.20",
        "turbo-windows-32": "1.0.20",
        "turbo-windows-64": "1.0.20"
      }
    },
    "turbo-darwin-64": {
      "version": "1.0.20",
      "resolved": "https://registry.npmjs.org/turbo-darwin-64/-/turbo-darwin-64-1.0.20.tgz",
      "integrity": "sha512-XhqO7ymo44u8ZgFZ+IvsUv3WfwThF6szLL8Yz0SuASvxsmG1cRazKOnEmg6riE1hI8iAfwGaeoQbYWCUZgXCAA==",
      "dev": true,
      "optional": true
    },
    "turbo-darwin-arm64": {
      "version": "1.0.20",
      "resolved": "https://registry.npmjs.org/turbo-darwin-arm64/-/turbo-darwin-arm64-1.0.20.tgz",
      "integrity": "sha512-Hk3ECM3IkBXg53L6EQ3ENJiQcAEOIxAx1VB9qjc6jQP34Fz+Q+WQHTUW4oJ37knfenYPd6sYjHRk/RF4Bfmrcg==",
      "dev": true,
      "optional": true
    },
    "turbo-freebsd-64": {
      "version": "1.0.20",
      "resolved": "https://registry.npmjs.org/turbo-freebsd-64/-/turbo-freebsd-64-1.0.20.tgz",
      "integrity": "sha512-3vfDvMA8Uv0lQgij+cel9+NFVdhgi2lNQskbj2/FCqEfowEanUabGaPMiq1BaZvVp7NsOp9GHGxQmjBpLnTSpA==",
      "dev": true,
      "optional": true
    },
    "turbo-freebsd-arm64": {
      "version": "1.0.20",
      "resolved": "https://registry.npmjs.org/turbo-freebsd-arm64/-/turbo-freebsd-arm64-1.0.20.tgz",
      "integrity": "sha512-gXfHyE9At0cECsOQCdfERPPTWz7Afvf47bHREOMljHaDUcokgx7bONinXkCPZE53NVZb6RURKnjjmVaUPnC/eA==",
      "dev": true,
      "optional": true
    },
    "turbo-linux-32": {
      "version": "1.0.20",
      "resolved": "https://registry.npmjs.org/turbo-linux-32/-/turbo-linux-32-1.0.20.tgz",
      "integrity": "sha512-kitrmg/gOpOfh4jMcBNvMuwU6THAHEA07/s/KzFwUADMxZCu6+DugwfJHmesWqLIvkCWjCHfmVl5zuPsuBz85g==",
      "dev": true,
      "optional": true
    },
    "turbo-linux-64": {
      "version": "1.0.20",
      "resolved": "https://registry.npmjs.org/turbo-linux-64/-/turbo-linux-64-1.0.20.tgz",
      "integrity": "sha512-3BS5f4RFCTBh+e2HlGnC10KRTX4g8PbKNdecwSy86feamjE1jxxzqAin1o7KxAXI1EoEj628r6y+K/2OQ0g/Xg==",
      "dev": true,
      "optional": true
    },
    "turbo-linux-arm": {
      "version": "1.0.20",
      "resolved": "https://registry.npmjs.org/turbo-linux-arm/-/turbo-linux-arm-1.0.20.tgz",
      "integrity": "sha512-Nf4c4sEFodDBqir3P5FjE0vnQUr9u8RpBS5X2l/rifbGDU42GLbiIIjEojhBNnozVuAQASdApYr+N+DcLwfCwQ==",
      "dev": true,
      "optional": true
    },
    "turbo-linux-arm64": {
      "version": "1.0.20",
      "resolved": "https://registry.npmjs.org/turbo-linux-arm64/-/turbo-linux-arm64-1.0.20.tgz",
      "integrity": "sha512-qT5FmfWsmDZGsPOjDegS0ra+7zPbuDxSHwb/O4fVA7AV1Ta7wzSU4kI1ayrYZOGDDrC1ce2z1G5NAx/DlWnE+g==",
      "dev": true,
      "optional": true
    },
    "turbo-linux-mips64le": {
      "version": "1.0.20",
      "resolved": "https://registry.npmjs.org/turbo-linux-mips64le/-/turbo-linux-mips64le-1.0.20.tgz",
      "integrity": "sha512-k7/SVAGnEHdFd2q+ugo1B82LT+wCsansGcTh8kvYZui0zgYxA3xt6OjxzYPRMPSLsMpDJSpNKJIxY8IxjpLojw==",
      "dev": true,
      "optional": true
    },
    "turbo-linux-ppc64le": {
      "version": "1.0.20",
      "resolved": "https://registry.npmjs.org/turbo-linux-ppc64le/-/turbo-linux-ppc64le-1.0.20.tgz",
      "integrity": "sha512-+mjMXBCKwqJmcjHkgoElXPbsJT8Bik+bf6pvsT+eWTUDEYcQTV2zcxPlwXq1qJzB+EWvEGDqJ8cT+pZb8s8duQ==",
      "dev": true,
      "optional": true
    },
    "turbo-windows-32": {
      "version": "1.0.20",
      "resolved": "https://registry.npmjs.org/turbo-windows-32/-/turbo-windows-32-1.0.20.tgz",
      "integrity": "sha512-QifqYv9FqV8f13SpvUPbj+e4uZ1Ul+VN7QEBHKypCANz+Q8ZNSVyANFsVRkH9qGHkZPDY+mzSWHHZuwBdcsp8g==",
      "dev": true,
      "optional": true
    },
    "turbo-windows-64": {
      "version": "1.0.20",
      "resolved": "https://registry.npmjs.org/turbo-windows-64/-/turbo-windows-64-1.0.20.tgz",
      "integrity": "sha512-g9X+azabK1gUZcXHXH9zJqm9gYbmQAiPSzVJHFgHK8p1K9aUNDWbgNsAjBlRH0+jyU5ASYq3AaFIf5Usd6iRhA==",
      "dev": true,
      "optional": true
    }
  }
}
